
Microsoft Visual Studio Solution File, Format Version 12.00
# Visual Studio 15
VisualStudioVersion = 15.0.28307.572
MinimumVisualStudioVersion = 10.0.40219.1
Project("{FAE04EC0-301F-11D3-BF4B-00C04F79EFBC}") = "WebApplication1", "WebApplication1\WebApplication1.csproj", "{40C07631-CADA-4737-9F5C-AAE45A7236A4}"
EndProject
Global
	GlobalSection(SolutionConfigurationPlatforms) = preSolution
		Debug|Any CPU = Debug|Any CPU
		Release|Any CPU = Release|Any CPU
	EndGlobalSection
	GlobalSection(ProjectConfigurationPlatforms) = postSolution
		{40C07631-CADA-4737-9F5C-AAE45A7236A4}.Debug|Any CPU.ActiveCfg = Debug|Any CPU
		{40C07631-CADA-4737-9F5C-AAE45A7236A4}.Debug|Any CPU.Build.0 = Debug|Any CPU
		{40C07631-CADA-4737-9F5C-AAE45A7236A4}.Release|Any CPU.ActiveCfg = Release|Any CPU
		{40C07631-CADA-4737-9F5C-AAE45A7236A4}.Release|Any CPU.Build.0 = Release|Any CPU
	EndGlobalSection
	GlobalSection(SolutionProperties) = preSolution
		HideSolutionNode = FALSE
	EndGlobalSection
	GlobalSection(ExtensibilityGlobals) = postSolution
		SolutionGuid = {A1D6B81E-FAAF-4FE2-9D8E-A294E6693EA1}
	EndGlobalSection
EndGlobal
